
Microsoft Visual Studio Solution File, Format Version 12.00
# Visual Studio Version 17
VisualStudioVersion = 17.9.34728.123
MinimumVisualStudioVersion = 10.0.40219.1
Project("{9A19103F-16F7-4668-BE54-9A1E7A4F7556}") = "IET Shared Library", "IET Shared Library.csproj", "{13460C98-7E3E-410C-A0D4-B66B9AE56633}"
EndProject
Global
	GlobalSection(SolutionConfigurationPlatforms) = preSolution
		Debug|Any CPU = Debug|Any CPU
		Release|Any CPU = Release|Any CPU
	EndGlobalSection
	GlobalSection(ProjectConfigurationPlatforms) = postSolution
		{13460C98-7E3E-410C-A0D4-B66B9AE56633}.Debug|Any CPU.ActiveCfg = Debug|Any CPU
		{13460C98-7E3E-410C-A0D4-B66B9AE56633}.Debug|Any CPU.Build.0 = Debug|Any CPU
		{13460C98-7E3E-410C-A0D4-B66B9AE56633}.Release|Any CPU.ActiveCfg = Release|Any CPU
		{13460C98-7E3E-410C-A0D4-B66B9AE56633}.Release|Any CPU.Build.0 = Release|Any CPU
	EndGlobalSection
	GlobalSection(SolutionProperties) = preSolution
		HideSolutionNode = FALSE
	EndGlobalSection
	GlobalSection(ExtensibilityGlobals) = postSolution
		SolutionGuid = {46F1A02B-2AE8-4F69-84D7-6D30C7D55D99}
	EndGlobalSection
EndGlobal
